
Microsoft Visual Studio Solution File, Format Version 12.00
# Visual Studio 14
VisualStudioVersion = 14.0.24720.0
MinimumVisualStudioVersion = 10.0.40219.1
Project("{FAE04EC0-301F-11D3-BF4B-00C04F79EFBC}") = "01.blankReceipt", "DefiningAndCallingMethods_lab\01.blankReceipt.csproj", "{576958B2-F517-4DBA-A4F8-3FBE4986FAC7}"
EndProject
Project("{FAE04EC0-301F-11D3-BF4B-00C04F79EFBC}") = "02.signOfIntegerNumber", "02.signOfIntegerNumber\02.signOfIntegerNumber.csproj", "{7B38E940-AC19-4A9E-8617-4987AB561991}"
EndProject
Project("{FAE04EC0-301F-11D3-BF4B-00C04F79EFBC}") = "03.printingTriangle", "03.printingTriangle\03.printingTriangle.csproj", "{47F2DA0E-18CA-4F37-8759-037097B8ABDB}"
EndProject
Global
	GlobalSection(SolutionConfigurationPlatforms) = preSolution
		Debug|Any CPU = Debug|Any CPU
		Release|Any CPU = Release|Any CPU
	EndGlobalSection
	GlobalSection(ProjectConfigurationPlatforms) = postSolution
		{576958B2-F517-4DBA-A4F8-3FBE4986FAC7}.Debug|Any CPU.ActiveCfg = Debug|Any CPU
		{576958B2-F517-4DBA-A4F8-3FBE4986FAC7}.Debug|Any CPU.Build.0 = Debug|Any CPU
		{576958B2-F517-4DBA-A4F8-3FBE4986FAC7}.Release|Any CPU.ActiveCfg = Release|Any CPU
		{576958B2-F517-4DBA-A4F8-3FBE4986FAC7}.Release|Any CPU.Build.0 = Release|Any CPU
		{7B38E940-AC19-4A9E-8617-4987AB561991}.Debug|Any CPU.ActiveCfg = Debug|Any CPU
		{7B38E940-AC19-4A9E-8617-4987AB561991}.Debug|Any CPU.Build.0 = Debug|Any CPU
		{7B38E940-AC19-4A9E-8617-4987AB561991}.Release|Any CPU.ActiveCfg = Release|Any CPU
		{7B38E940-AC19-4A9E-8617-4987AB561991}.Release|Any CPU.Build.0 = Release|Any CPU
		{47F2DA0E-18CA-4F37-8759-037097B8ABDB}.Debug|Any CPU.ActiveCfg = Debug|Any CPU
		{47F2DA0E-18CA-4F37-8759-037097B8ABDB}.Debug|Any CPU.Build.0 = Debug|Any CPU
		{47F2DA0E-18CA-4F37-8759-037097B8ABDB}.Release|Any CPU.ActiveCfg = Release|Any CPU
		{47F2DA0E-18CA-4F37-8759-037097B8ABDB}.Release|Any CPU.Build.0 = Release|Any CPU
	EndGlobalSection
	GlobalSection(SolutionProperties) = preSolution
		HideSolutionNode = FALSE
	EndGlobalSection
EndGlobal
